{
  "originHash" : "0ab9305815c534c9369156ce77bd7c2e16029f70ca2d8e96f9885deb84a8646f",
  "pins" : [
    {
      "identity" : "alamofire#installation",
      "kind" : "remoteSourceControl",
      "location" : "https://github.com/Alamofire/Alamofire#installation",
      "state" : {
        "revision" : "e938f8c66708e7352fc7e3512647fa54255b267a",
        "version" : "5.11.2"
      }
    }
  ],
  "version" : 3
}
