// !$*UTF8*$!
{
	archiveVersion = 1;
	classes = {
	};
	objectVersion = 55;
	objects = {

/* Begin PBXBuildFile section */
		10A297806E297CB227029B22 /* Pods_Celibi_Gardener.framework in Frameworks */ = {isa = PBXBuildFile; fileRef = 5340C322D298EA73F9CFD74E /* Pods_Celibi_Gardener.framework */; };
		4981742627464F3100B6C8C4 /* Celibi_GardenerApp.swift in Sources */ = {isa = PBXBuildFile; fileRef = 4981742527464F3100B6C8C4 /* Celibi_GardenerApp.swift */; };
		4981742827464F3100B6C8C4 /* ContentView.swift in Sources */ = {isa = PBXBuildFile; fileRef = 4981742727464F3100B6C8C4 /* ContentView.swift */; };
		4981742A27464F3300B6C8C4 /* Assets.xcassets in Resources */ = {isa = PBXBuildFile; fileRef = 4981742927464F3300B6C8C4 /* Assets.xcassets */; };
		4981742D27464F3300B6C8C4 /* Preview Assets.xcassets in Resources */ = {isa = PBXBuildFile; fileRef = 4981742C27464F3300B6C8C4 /* Preview Assets.xcassets */; };
		4981743727464F3300B6C8C4 /* Celibi_GardenerTests.swift in Sources */ = {isa = PBXBuildFile; fileRef = 4981743627464F3300B6C8C4 /* Celibi_GardenerTests.swift */; };
		4981744127464F3300B6C8C4 /* Celibi_GardenerUITests.swift in Sources */ = {isa = PBXBuildFile; fileRef = 4981744027464F3300B6C8C4 /* Celibi_GardenerUITests.swift */; };
		4981744327464F3300B6C8C4 /* Celibi_GardenerUITestsLaunchTests.swift in Sources */ = {isa = PBXBuildFile; fileRef = 4981744227464F3300B6C8C4 /* Celibi_GardenerUITestsLaunchTests.swift */; };
		49A8ECBD274671CF00A1E22F /* Podfile in Resources */ = {isa = PBXBuildFile; fileRef = 49A8ECBC274671CF00A1E22F /* Podfile */; };
		4C7A66BDDB98704BA7FDCAEA /* Pods_Celibi_GardenerTests.framework in Frameworks */ = {isa = PBXBuildFile; fileRef = 26959654F5F3E1F2574AE620 /* Pods_Celibi_GardenerTests.framework */; };
		E353CBBD47A3A9C6C3CB3619 /* Pods_Celibi_Gardener_Celibi_GardenerUITests.framework in Frameworks */ = {isa = PBXBuildFile; fileRef = EDE0C178D0D569048CE400D3 /* Pods_Celibi_Gardener_Celibi_GardenerUITests.framework */; };
/* End PBXBuildFile section */

/* Begin PBXContainerItemProxy section */
		4981743327464F3300B6C8C4 /* PBXContainerItemProxy */ = {
			isa = PBXContainerItemProxy;
			containerPortal = 4981741A27464F3100B6C8C4 /* Project object */;
			proxyType = 1;
			remoteGlobalIDString = 4981742127464F3100B6C8C4;
			remoteInfo = "Celibi Gardener";
		};
		4981743D27464F3300B6C8C4 /* PBXContainerItemProxy */ = {
			isa = PBXContainerItemProxy;
			containerPortal = 4981741A27464F3100B6C8C4 /* Project object */;
			proxyType = 1;
			remoteGlobalIDString = 4981742127464F3100B6C8C4;
			remoteInfo = "Celibi Gardener";
		};
/* End PBXContainerItemProxy section */

/* Begin PBXFileReference section */
		26959654F5F3E1F2574AE620 /* Pods_Celibi_GardenerTests.framework */ = {isa = PBXFileReference; explicitFileType = wrapper.framework; includeInIndex = 0; path = Pods_Celibi_GardenerTests.framework; sourceTree = BUILT_PRODUCTS_DIR; };
		4981742227464F3100B6C8C4 /* Celibi Gardener.app */ = {isa = PBXFileReference; explicitFileType = wrapper.application; includeInIndex = 0; path = "Celibi Gardener.app"; sourceTree = BUILT_PRODUCTS_DIR; };
		4981742527464F3100B6C8C4 /* Celibi_GardenerApp.swift */ = {isa = PBXFileReference; lastKnownFileType = sourcecode.swift; path = Celibi_GardenerApp.swift; sourceTree = "<group>"; };
		4981742727464F3100B6C8C4 /* ContentView.swift */ = {isa = PBXFileReference; lastKnownFileType = sourcecode.swift; path = ContentView.swift; sourceTree = "<group>"; };
		4981742927464F3300B6C8C4 /* Assets.xcassets */ = {isa = PBXFileReference; lastKnownFileType = folder.assetcatalog; path = Assets.xcassets; sourceTree = "<group>"; };
		4981742C27464F3300B6C8C4 /* Preview Assets.xcassets */ = {isa = PBXFileReference; lastKnownFileType = folder.assetcatalog; path = "Preview Assets.xcassets"; sourceTree = "<group>"; };
		4981743227464F3300B6C8C4 /* Celibi GardenerTests.xctest */ = {isa = PBXFileReference; explicitFileType = wrapper.cfbundle; includeInIndex = 0; path = "Celibi GardenerTests.xctest"; sourceTree = BUILT_PRODUCTS_DIR; };
		4981743627464F3300B6C8C4 /* Celibi_GardenerTests.swift */ = {isa = PBXFileReference; lastKnownFileType = sourcecode.swift; path = Celibi_GardenerTests.swift; sourceTree = "<group>"; };
		4981743C27464F3300B6C8C4 /* Celibi GardenerUITests.xctest */ = {isa = PBXFileReference; explicitFileType = wrapper.cfbundle; includeInIndex = 0; path = "Celibi GardenerUITests.xctest"; sourceTree = BUILT_PRODUCTS_DIR; };
		4981744027464F3300B6C8C4 /* Celibi_GardenerUITests.swift */ = {isa = PBXFileReference; lastKnownFileType = sourcecode.swift; path = Celibi_GardenerUITests.swift; sourceTree = "<group>"; };
		4981744227464F3300B6C8C4 /* Celibi_GardenerUITestsLaunchTests.swift */ = {isa = PBXFileReference; lastKnownFileType = sourcecode.swift; path = Celibi_GardenerUITestsLaunchTests.swift; sourceTree = "<group>"; };
		49A8ECBC274671CF00A1E22F /* Podfile */ = {isa = PBXFileReference; fileEncoding = 4; lastKnownFileType = text; path = Podfile; sourceTree = "<group>"; };
		5340C322D298EA73F9CFD74E /* Pods_Celibi_Gardener.framework */ = {isa = PBXFileReference; explicitFileType = wrapper.framework; includeInIndex = 0; path = Pods_Celibi_Gardener.framework; sourceTree = BUILT_PRODUCTS_DIR; };
		698E0716D4C9BB19A8CE29B9 /* Pods-Celibi Gardener.debug.xcconfig */ = {isa = PBXFileReference; includeInIndex = 1; lastKnownFileType = text.xcconfig; name = "Pods-Celibi Gardener.debug.xcconfig"; path = "Target Support Files/Pods-Celibi Gardener/Pods-Celibi Gardener.debug.xcconfig"; sourceTree = "<group>"; };
		8C7A29C722D3437C3AE6F444 /* Pods-Celibi Gardener-Celibi GardenerUITests.release.xcconfig */ = {isa = PBXFileReference; includeInIndex = 1; lastKnownFileType = text.xcconfig; name = "Pods-Celibi Gardener-Celibi GardenerUITests.release.xcconfig"; path = "Target Support Files/Pods-Celibi Gardener-Celibi GardenerUITests/Pods-Celibi Gardener-Celibi GardenerUITests.release.xcconfig"; sourceTree = "<group>"; };
		C279AC17F607DC759563E774 /* Pods-Celibi Gardener.release.xcconfig */ = {isa = PBXFileReference; includeInIndex = 1; lastKnownFileType = text.xcconfig; name = "Pods-Celibi Gardener.release.xcconfig"; path = "Target Support Files/Pods-Celibi Gardener/Pods-Celibi Gardener.release.xcconfig"; sourceTree = "<group>"; };
		D1AAF78843EE17BEB17F485B /* Pods-Celibi Gardener-Celibi GardenerUITests.debug.xcconfig */ = {isa = PBXFileReference; includeInIndex = 1; lastKnownFileType = text.xcconfig; name = "Pods-Celibi Gardener-Celibi GardenerUITests.debug.xcconfig"; path = "Target Support Files/Pods-Celibi Gardener-Celibi GardenerUITests/Pods-Celibi Gardener-Celibi GardenerUITests.debug.xcconfig"; sourceTree = "<group>"; };
		DE9D65232E5B49A9060581DB /* Pods-Celibi GardenerTests.release.xcconfig */ = {isa = PBXFileReference; includeInIndex = 1; lastKnownFileType = text.xcconfig; name = "Pods-Celibi GardenerTests.release.xcconfig"; path = "Target Support Files/Pods-Celibi GardenerTests/Pods-Celibi GardenerTests.release.xcconfig"; sourceTree = "<group>"; };
		E0F9CE86BF3FA20A0912C406 /* Pods-Celibi GardenerTests.debug.xcconfig */ = {isa = PBXFileReference; includeInIndex = 1; lastKnownFileType = text.xcconfig; name = "Pods-Celibi GardenerTests.debug.xcconfig"; path = "Target Support Files/Pods-Celibi GardenerTests/Pods-Celibi GardenerTests.debug.xcconfig"; sourceTree = "<group>"; };
		EDE0C178D0D569048CE400D3 /* Pods_Celibi_Gardener_Celibi_GardenerUITests.framework */ = {isa = PBXFileReference; explicitFileType = wrapper.framework; includeInIndex = 0; path = Pods_Celibi_Gardener_Celibi_GardenerUITests.framework; sourceTree = BUILT_PRODUCTS_DIR; };
/* End PBXFileReference section */

/* Begin PBXFrameworksBuildPhase section */
		4981741F27464F3100B6C8C4 /* Frameworks */ = {
			isa = PBXFrameworksBuildPhase;
			buildActionMask = 2147483647;
			files = (
				10A297806E297CB227029B22 /* Pods_Celibi_Gardener.framework in Frameworks */,
			);
			runOnlyForDeploymentPostprocessing = 0;
		};
		4981742F27464F3300B6C8C4 /* Frameworks */ = {
			isa = PBXFrameworksBuildPhase;
			buildActionMask = 2147483647;
			files = (
				4C7A66BDDB98704BA7FDCAEA /* Pods_Celibi_GardenerTests.framework in Frameworks */,
			);
			runOnlyForDeploymentPostprocessing = 0;
		};
		4981743927464F3300B6C8C4 /* Frameworks */ = {
			isa = PBXFrameworksBuildPhase;
			buildActionMask = 2147483647;
			files = (
				E353CBBD47A3A9C6C3CB3619 /* Pods_Celibi_Gardener_Celibi_GardenerUITests.framework in Frameworks */,
			);
			runOnlyForDeploymentPostprocessing = 0;
		};
/* End PBXFrameworksBuildPhase section */

/* Begin PBXGroup section */
		2A22BD7B57191A5315677921 /* Pods */ = {
			isa = PBXGroup;
			children = (
				698E0716D4C9BB19A8CE29B9 /* Pods-Celibi Gardener.debug.xcconfig */,
				C279AC17F607DC759563E774 /* Pods-Celibi Gardener.release.xcconfig */,
				D1AAF78843EE17BEB17F485B /* Pods-Celibi Gardener-Celibi GardenerUITests.debug.xcconfig */,
				8C7A29C722D3437C3AE6F444 /* Pods-Celibi Gardener-Celibi GardenerUITests.release.xcconfig */,
				E0F9CE86BF3FA20A0912C406 /* Pods-Celibi GardenerTests.debug.xcconfig */,
				DE9D65232E5B49A9060581DB /* Pods-Celibi GardenerTests.release.xcconfig */,
			);
			name = Pods;
			path = Pods;
			sourceTree = "<group>";
		};
		4981741927464F3100B6C8C4 = {
			isa = PBXGroup;
			children = (
				49A8ECBC274671CF00A1E22F /* Podfile */,
				4981742427464F3100B6C8C4 /* Celibi Gardener */,
				4981743527464F3300B6C8C4 /* Celibi GardenerTests */,
				4981743F27464F3300B6C8C4 /* Celibi GardenerUITests */,
				4981742327464F3100B6C8C4 /* Products */,
				2A22BD7B57191A5315677921 /* Pods */,
				9902C134870C5E268390723A /* Frameworks */,
			);
			sourceTree = "<group>";
		};
		4981742327464F3100B6C8C4 /* Products */ = {
			isa = PBXGroup;
			children = (
				4981742227464F3100B6C8C4 /* Celibi Gardener.app */,
				4981743227464F3300B6C8C4 /* Celibi GardenerTests.xctest */,
				4981743C27464F3300B6C8C4 /* Celibi GardenerUITests.xctest */,
			);
			name = Products;
			sourceTree = "<group>";
		};
		4981742427464F3100B6C8C4 /* Celibi Gardener */ = {
			isa = PBXGroup;
			children = (
				4981742527464F3100B6C8C4 /* Celibi_GardenerApp.swift */,
				4981742727464F3100B6C8C4 /* ContentView.swift */,
				4981742927464F3300B6C8C4 /* Assets.xcassets */,
				4981742B27464F3300B6C8C4 /* Preview Content */,
			);
			path = "Celibi Gardener";
			sourceTree = "<group>";
		};
		4981742B27464F3300B6C8C4 /* Preview Content */ = {
			isa = PBXGroup;
			children = (
				4981742C27464F3300B6C8C4 /* Preview Assets.xcassets */,
			);
			path = "Preview Content";
			sourceTree = "<group>";
		};
		4981743527464F3300B6C8C4 /* Celibi GardenerTests */ = {
			isa = PBXGroup;
			children = (
				4981743627464F3300B6C8C4 /* Celibi_GardenerTests.swift */,
			);
			path = "Celibi GardenerTests";
			sourceTree = "<group>";
		};
		4981743F27464F3300B6C8C4 /* Celibi GardenerUITests */ = {
			isa = PBXGroup;
			children = (
				4981744027464F3300B6C8C4 /* Celibi_GardenerUITests.swift */,
				4981744227464F3300B6C8C4 /* Celibi_GardenerUITestsLaunchTests.swift */,
			);
			path = "Celibi GardenerUITests";
			sourceTree = "<group>";
		};
		9902C134870C5E268390723A /* Frameworks */ = {
			isa = PBXGroup;
			children = (
				5340C322D298EA73F9CFD74E /* Pods_Celibi_Gardener.framework */,
				EDE0C178D0D569048CE400D3 /* Pods_Celibi_Gardener_Celibi_GardenerUITests.framework */,
				26959654F5F3E1F2574AE620 /* Pods_Celibi_GardenerTests.framework */,
			);
			name = Frameworks;
			sourceTree = "<group>";
		};
/* End PBXGroup section */

/* Begin PBXNativeTarget section */
		4981742127464F3100B6C8C4 /* Celibi Gardener */ = {
			isa = PBXNativeTarget;
			buildConfigurationList = 4981744627464F3300B6C8C4 /* Build configuration list for PBXNativeTarget "Celibi Gardener" */;
			buildPhases = (
				FC75BA7AB6B926EB90E71A6B /* [CP] Check Pods Manifest.lock */,
				4981741E27464F3100B6C8C4 /* Sources */,
				4981741F27464F3100B6C8C4 /* Frameworks */,
				4981742027464F3100B6C8C4 /* Resources */,
				F4085925499001CF0FC33433 /* [CP] Embed Pods Frameworks */,
			);
			buildRules = (
			);
			dependencies = (
			);
			name = "Celibi Gardener";
			productName = "Celibi Gardener";
			productReference = 4981742227464F3100B6C8C4 /* Celibi Gardener.app */;
			productType = "com.apple.product-type.application";
		};
		4981743127464F3300B6C8C4 /* Celibi GardenerTests */ = {
			isa = PBXNativeTarget;
			buildConfigurationList = 4981744927464F3300B6C8C4 /* Build configuration list for PBXNativeTarget "Celibi GardenerTests" */;
			buildPhases = (
				079C91C365C390714AC603FE /* [CP] Check Pods Manifest.lock */,
				4981742E27464F3300B6C8C4 /* Sources */,
				4981742F27464F3300B6C8C4 /* Frameworks */,
				4981743027464F3300B6C8C4 /* Resources */,
			);
			buildRules = (
			);
			dependencies = (
				4981743427464F3300B6C8C4 /* PBXTargetDependency */,
			);
			name = "Celibi GardenerTests";
			productName = "Celibi GardenerTests";
			productReference = 4981743227464F3300B6C8C4 /* Celibi GardenerTests.xctest */;
			productType = "com.apple.product-type.bundle.unit-test";
		};
		4981743B27464F3300B6C8C4 /* Celibi GardenerUITests */ = {
			isa = PBXNativeTarget;
			buildConfigurationList = 4981744C27464F3300B6C8C4 /* Build configuration list for PBXNativeTarget "Celibi GardenerUITests" */;
			buildPhases = (
				ADB5D45AA8A771659FBDDE28 /* [CP] Check Pods Manifest.lock */,
				4981743827464F3300B6C8C4 /* Sources */,
				4981743927464F3300B6C8C4 /* Frameworks */,
				4981743A27464F3300B6C8C4 /* Resources */,
				0BAEF61DCEAF5EB2B22BEA0E /* [CP] Embed Pods Frameworks */,
			);
			buildRules = (
			);
			dependencies = (
				4981743E27464F3300B6C8C4 /* PBXTargetDependency */,
			);
			name = "Celibi GardenerUITests";
			productName = "Celibi GardenerUITests";
			productReference = 4981743C27464F3300B6C8C4 /* Celibi GardenerUITests.xctest */;
			productType = "com.apple.product-type.bundle.ui-testing";
		};
/* End PBXNativeTarget section */

/* Begin PBXProject section */
		4981741A27464F3100B6C8C4 /* Project object */ = {
			isa = PBXProject;
			attributes = {
				BuildIndependentTargetsInParallel = 1;
				LastSwiftUpdateCheck = 1300;
				LastUpgradeCheck = 1300;
				TargetAttributes = {
					4981742127464F3100B6C8C4 = {
						CreatedOnToolsVersion = 13.0;
					};
					4981743127464F3300B6C8C4 = {
						CreatedOnToolsVersion = 13.0;
						TestTargetID = 4981742127464F3100B6C8C4;
					};
					4981743B27464F3300B6C8C4 = {
						CreatedOnToolsVersion = 13.0;
						TestTargetID = 4981742127464F3100B6C8C4;
					};
				};
			};
			buildConfigurationList = 4981741D27464F3100B6C8C4 /* Build configuration list for PBXProject "Celibi Gardener" */;
			compatibilityVersion = "Xcode 13.0";
			developmentRegion = en;
			hasScannedForEncodings = 0;
			knownRegions = (
				en,
				Base,
			);
			mainGroup = 4981741927464F3100B6C8C4;
			productRefGroup = 4981742327464F3100B6C8C4 /* Products */;
			projectDirPath = "";
			projectRoot = "";
			targets = (
				4981742127464F3100B6C8C4 /* Celibi Gardener */,
				4981743127464F3300B6C8C4 /* Celibi GardenerTests */,
				4981743B27464F3300B6C8C4 /* Celibi GardenerUITests */,
			);
		};
/* End PBXProject section */

/* Begin PBXResourcesBuildPhase section */
		4981742027464F3100B6C8C4 /* Resources */ = {
			isa = PBXResourcesBuildPhase;
			buildActionMask = 2147483647;
			files = (
				49A8ECBD274671CF00A1E22F /* Podfile in Resources */,
				4981742D27464F3300B6C8C4 /* Preview Assets.xcassets in Resources */,
				4981742A27464F3300B6C8C4 /* Assets.xcassets in Resources */,
			);
			runOnlyForDeploymentPostprocessing = 0;
		};
		4981743027464F3300B6C8C4 /* Resources */ = {
			isa = PBXResourcesBuildPhase;
			buildActionMask = 2147483647;
			files = (
			);
			runOnlyForDeploymentPostprocessing = 0;
		};
		4981743A27464F3300B6C8C4 /* Resources */ = {
			isa = PBXResourcesBuildPhase;
			buildActionMask = 2147483647;
			files = (
			);
			runOnlyForDeploymentPostprocessing = 0;
		};
/* End PBXResourcesBuildPhase section */

/* Begin PBXShellScriptBuildPhase section */
		079C91C365C390714AC603FE /* [CP] Check Pods Manifest.lock */ = {
			isa = PBXShellScriptBuildPhase;
			buildActionMask = 2147483647;
			files = (
			);
			inputFileListPaths = (
			);
			inputPaths = (
				"${PODS_PODFILE_DIR_PATH}/Podfile.lock",
				"${PODS_ROOT}/Manifest.lock",
			);
			name = "[CP] Check Pods Manifest.lock";
			outputFileListPaths = (
			);
			outputPaths = (
				"$(DERIVED_FILE_DIR)/Pods-Celibi GardenerTests-checkManifestLockResult.txt",
			);
			runOnlyForDeploymentPostprocessing = 0;
			shellPath = /bin/sh;
			shellScript = "diff \"${PODS_PODFILE_DIR_PATH}/Podfile.lock\" \"${PODS_ROOT}/Manifest.lock\" > /dev/null\nif [ $? != 0 ] ; then\n    # print error to STDERR\n    echo \"error: The sandbox is not in sync with the Podfile.lock. Run 'pod install' or update your CocoaPods installation.\" >&2\n    exit 1\nfi\n# This output is used by Xcode 'outputs' to avoid re-running this script phase.\necho \"SUCCESS\" > \"${SCRIPT_OUTPUT_FILE_0}\"\n";
			showEnvVarsInLog = 0;
		};
		0BAEF61DCEAF5EB2B22BEA0E /* [CP] Embed Pods Frameworks */ = {
			isa = PBXShellScriptBuildPhase;
			buildActionMask = 2147483647;
			files = (
			);
			inputFileListPaths = (
				"${PODS_ROOT}/Target Support Files/Pods-Celibi Gardener-Celibi GardenerUITests/Pods-Celibi Gardener-Celibi GardenerUITests-frameworks-${CONFIGURATION}-input-files.xcfilelist",
			);
			name = "[CP] Embed Pods Frameworks";
			outputFileListPaths = (
				"${PODS_ROOT}/Target Support Files/Pods-Celibi Gardener-Celibi GardenerUITests/Pods-Celibi Gardener-Celibi GardenerUITests-frameworks-${CONFIGURATION}-output-files.xcfilelist",
			);
			runOnlyForDeploymentPostprocessing = 0;
			shellPath = /bin/sh;
			shellScript = "\"${PODS_ROOT}/Target Support Files/Pods-Celibi Gardener-Celibi GardenerUITests/Pods-Celibi Gardener-Celibi GardenerUITests-frameworks.sh\"\n";
			showEnvVarsInLog = 0;
		};
		ADB5D45AA8A771659FBDDE28 /* [CP] Check Pods Manifest.lock */ = {
			isa = PBXShellScriptBuildPhase;
			buildActionMask = 2147483647;
			files = (
			);
			inputFileListPaths = (
			);
			inputPaths = (
				"${PODS_PODFILE_DIR_PATH}/Podfile.lock",
				"${PODS_ROOT}/Manifest.lock",
			);
			name = "[CP] Check Pods Manifest.lock";
			outputFileListPaths = (
			);
			outputPaths = (
				"$(DERIVED_FILE_DIR)/Pods-Celibi Gardener-Celibi GardenerUITests-checkManifestLockResult.txt",
			);
			runOnlyForDeploymentPostprocessing = 0;
			shellPath = /bin/sh;
			shellScript = "diff \"${PODS_PODFILE_DIR_PATH}/Podfile.lock\" \"${PODS_ROOT}/Manifest.lock\" > /dev/null\nif [ $? != 0 ] ; then\n    # print error to STDERR\n    echo \"error: The sandbox is not in sync with the Podfile.lock. Run 'pod install' or update your CocoaPods installation.\" >&2\n    exit 1\nfi\n# This output is used by Xcode 'outputs' to avoid re-running this script phase.\necho \"SUCCESS\" > \"${SCRIPT_OUTPUT_FILE_0}\"\n";
			showEnvVarsInLog = 0;
		};
		F4085925499001CF0FC33433 /* [CP] Embed Pods Frameworks */ = {
			isa = PBXShellScriptBuildPhase;
			buildActionMask = 2147483647;
			files = (
			);
			inputFileListPaths = (
				"${PODS_ROOT}/Target Support Files/Pods-Celibi Gardener/Pods-Celibi Gardener-frameworks-${CONFIGURATION}-input-files.xcfilelist",
			);
			name = "[CP] Embed Pods Frameworks";
			outputFileListPaths = (
				"${PODS_ROOT}/Target Support Files/Pods-Celibi Gardener/Pods-Celibi Gardener-frameworks-${CONFIGURATION}-output-files.xcfilelist",
			);
			runOnlyForDeploymentPostprocessing = 0;
			shellPath = /bin/sh;
			shellScript = "\"${PODS_ROOT}/Target Support Files/Pods-Celibi Gardener/Pods-Celibi Gardener-frameworks.sh\"\n";
			showEnvVarsInLog = 0;
		};
		FC75BA7AB6B926EB90E71A6B /* [CP] Check Pods Manifest.lock */ = {
			isa = PBXShellScriptBuildPhase;
			buildActionMask = 2147483647;
			files = (
			);
			inputFileListPaths = (
			);
			inputPaths = (
				"${PODS_PODFILE_DIR_PATH}/Podfile.lock",
				"${PODS_ROOT}/Manifest.lock",
			);
			name = "[CP] Check Pods Manifest.lock";
			outputFileListPaths = (
			);
			outputPaths = (
				"$(DERIVED_FILE_DIR)/Pods-Celibi Gardener-checkManifestLockResult.txt",
			);
			runOnlyForDeploymentPostprocessing = 0;
			shellPath = /bin/sh;
			shellScript = "diff \"${PODS_PODFILE_DIR_PATH}/Podfile.lock\" \"${PODS_ROOT}/Manifest.lock\" > /dev/null\nif [ $? != 0 ] ; then\n    # print error to STDERR\n    echo \"error: The sandbox is not in sync with the Podfile.lock. Run 'pod install' or update your CocoaPods installation.\" >&2\n    exit 1\nfi\n# This output is used by Xcode 'outputs' to avoid re-running this script phase.\necho \"SUCCESS\" > \"${SCRIPT_OUTPUT_FILE_0}\"\n";
			showEnvVarsInLog = 0;
		};
/* End PBXShellScriptBuildPhase section */

/* Begin PBXSourcesBuildPhase section */
		4981741E27464F3100B6C8C4 /* Sources */ = {
			isa = PBXSourcesBuildPhase;
			buildActionMask = 2147483647;
			files = (
				4981742827464F3100B6C8C4 /* ContentView.swift in Sources */,
				4981742627464F3100B6C8C4 /* Celibi_GardenerApp.swift in Sources */,
			);
			runOnlyForDeploymentPostprocessing = 0;
		};
		4981742E27464F3300B6C8C4 /* Sources */ = {
			isa = PBXSourcesBuildPhase;
			buildActionMask = 2147483647;
			files = (
				4981743727464F3300B6C8C4 /* Celibi_GardenerTests.swift in Sources */,
			);
			runOnlyForDeploymentPostprocessing = 0;
		};
		4981743827464F3300B6C8C4 /* Sources */ = {
			isa = PBXSourcesBuildPhase;
			buildActionMask = 2147483647;
			files = (
				4981744327464F3300B6C8C4 /* Celibi_GardenerUITestsLaunchTests.swift in Sources */,
				4981744127464F3300B6C8C4 /* Celibi_GardenerUITests.swift in Sources */,
			);
			runOnlyForDeploymentPostprocessing = 0;
		};
/* End PBXSourcesBuildPhase section */

/* Begin PBXTargetDependency section */
		4981743427464F3300B6C8C4 /* PBXTargetDependency */ = {
			isa = PBXTargetDependency;
			target = 4981742127464F3100B6C8C4 /* Celibi Gardener */;
			targetProxy = 4981743327464F3300B6C8C4 /* PBXContainerItemProxy */;
		};
		4981743E27464F3300B6C8C4 /* PBXTargetDependency */ = {
			isa = PBXTargetDependency;
			target = 4981742127464F3100B6C8C4 /* Celibi Gardener */;
			targetProxy = 4981743D27464F3300B6C8C4 /* PBXContainerItemProxy */;
		};
/* End PBXTargetDependency section */

/* Begin XCBuildConfiguration section */
		4981744427464F3300B6C8C4 /* Debug */ = {
			isa = XCBuildConfiguration;
			buildSettings = {
				ALWAYS_SEARCH_USER_PATHS = NO;
				CLANG_ANALYZER_NONNULL = YES;
				CLANG_ANALYZER_NUMBER_OBJECT_CONVERSION = YES_AGGRESSIVE;
				CLANG_CXX_LANGUAGE_STANDARD = "gnu++17";
				CLANG_CXX_LIBRARY = "libc++";
				CLANG_ENABLE_MODULES = YES;
				CLANG_ENABLE_OBJC_ARC = YES;
				CLANG_ENABLE_OBJC_WEAK = YES;
				CLANG_WARN_BLOCK_CAPTURE_AUTORELEASING = YES;
				CLANG_WARN_BOOL_CONVERSION = YES;
				CLANG_WARN_COMMA = YES;
				CLANG_WARN_CONSTANT_CONVERSION = YES;
				CLANG_WARN_DEPRECATED_OBJC_IMPLEMENTATIONS = YES;
				CLANG_WARN_DIRECT_OBJC_ISA_USAGE = YES_ERROR;
				CLANG_WARN_DOCUMENTATION_COMMENTS = YES;
				CLANG_WARN_EMPTY_BODY = YES;
				CLANG_WARN_ENUM_CONVERSION = YES;
				CLANG_WARN_INFINITE_RECURSION = YES;
				CLANG_WARN_INT_CONVERSION = YES;
				CLANG_WARN_NON_LITERAL_NULL_CONVERSION = YES;
				CLANG_WARN_OBJC_IMPLICIT_RETAIN_SELF = YES;
				CLANG_WARN_OBJC_LITERAL_CONVERSION = YES;
				CLANG_WARN_OBJC_ROOT_CLASS = YES_ERROR;
				CLANG_WARN_QUOTED_INCLUDE_IN_FRAMEWORK_HEADER = YES;
				CLANG_WARN_RANGE_LOOP_ANALYSIS = YES;
				CLANG_WARN_STRICT_PROTOTYPES = YES;
				CLANG_WARN_SUSPICIOUS_MOVE = YES;
				CLANG_WARN_UNGUARDED_AVAILABILITY = YES_AGGRESSIVE;
				CLANG_WARN_UNREACHABLE_CODE = YES;
				CLANG_WARN__DUPLICATE_METHOD_MATCH = YES;
				COPY_PHASE_STRIP = NO;
				DEBUG_INFORMATION_FORMAT = dwarf;
				ENABLE_STRICT_OBJC_MSGSEND = YES;
				ENABLE_TESTABILITY = YES;
				GCC_C_LANGUAGE_STANDARD = gnu11;
				GCC_DYNAMIC_NO_PIC = NO;
				GCC_NO_COMMON_BLOCKS = YES;
				GCC_OPTIMIZATION_LEVEL = 0;
				GCC_PREPROCESSOR_DEFINITIONS = (
					"DEBUG=1",
					"$(inherited)",
				);
				GCC_WARN_64_TO_32_BIT_CONVERSION = YES;
				GCC_WARN_ABOUT_RETURN_TYPE = YES_ERROR;
				GCC_WARN_UNDECLARED_SELECTOR = YES;
				GCC_WARN_UNINITIALIZED_AUTOS = YES_AGGRESSIVE;
				GCC_WARN_UNUSED_FUNCTION = YES;
				GCC_WARN_UNUSED_VARIABLE = YES;
				IPHONEOS_DEPLOYMENT_TARGET = 15.0;
				MTL_ENABLE_DEBUG_INFO = INCLUDE_SOURCE;
				MTL_FAST_MATH = YES;
				ONLY_ACTIVE_ARCH = YES;
				SDKROOT = iphoneos;
				SWIFT_ACTIVE_COMPILATION_CONDITIONS = DEBUG;
				SWIFT_OPTIMIZATION_LEVEL = "-Onone";
			};
			name = Debug;
		};
		4981744527464F3300B6C8C4 /* Release */ = {
			isa = XCBuildConfiguration;
			buildSettings = {
				ALWAYS_SEARCH_USER_PATHS = NO;
				CLANG_ANALYZER_NONNULL = YES;
				CLANG_ANALYZER_NUMBER_OBJECT_CONVERSION = YES_AGGRESSIVE;
				CLANG_CXX_LANGUAGE_STANDARD = "gnu++17";
				CLANG_CXX_LIBRARY = "libc++";
				CLANG_ENABLE_MODULES = YES;
				CLANG_ENABLE_OBJC_ARC = YES;
				CLANG_ENABLE_OBJC_WEAK = YES;
				CLANG_WARN_BLOCK_CAPTURE_AUTORELEASING = YES;
				CLANG_WARN_BOOL_CONVERSION = YES;
				CLANG_WARN_COMMA = YES;
				CLANG_WARN_CONSTANT_CONVERSION = YES;
				CLANG_WARN_DEPRECATED_OBJC_IMPLEMENTATIONS = YES;
				CLANG_WARN_DIRECT_OBJC_ISA_USAGE = YES_ERROR;
				CLANG_WARN_DOCUMENTATION_COMMENTS = YES;
				CLANG_WARN_EMPTY_BODY = YES;
				CLANG_WARN_ENUM_CONVERSION = YES;
				CLANG_WARN_INFINITE_RECURSION = YES;
				CLANG_WARN_INT_CONVERSION = YES;
				CLANG_WARN_NON_LITERAL_NULL_CONVERSION = YES;
				CLANG_WARN_OBJC_IMPLICIT_RETAIN_SELF = YES;
				CLANG_WARN_OBJC_LITERAL_CONVERSION = YES;
				CLANG_WARN_OBJC_ROOT_CLASS = YES_ERROR;
				CLANG_WARN_QUOTED_INCLUDE_IN_FRAMEWORK_HEADER = YES;
				CLANG_WARN_RANGE_LOOP_ANALYSIS = YES;
				CLANG_WARN_STRICT_PROTOTYPES = YES;
				CLANG_WARN_SUSPICIOUS_MOVE = YES;
				CLANG_WARN_UNGUARDED_AVAILABILITY = YES_AGGRESSIVE;
				CLANG_WARN_UNREACHABLE_CODE = YES;
				CLANG_WARN__DUPLICATE_METHOD_MATCH = YES;
				COPY_PHASE_STRIP = NO;
				DEBUG_INFORMATION_FORMAT = "dwarf-with-dsym";
				ENABLE_NS_ASSERTIONS = NO;
				ENABLE_STRICT_OBJC_MSGSEND = YES;
				GCC_C_LANGUAGE_STANDARD = gnu11;
				GCC_NO_COMMON_BLOCKS = YES;
				GCC_WARN_64_TO_32_BIT_CONVERSION = YES;
				GCC_WARN_ABOUT_RETURN_TYPE = YES_ERROR;
				GCC_WARN_UNDECLARED_SELECTOR = YES;
				GCC_WARN_UNINITIALIZED_AUTOS = YES_AGGRESSIVE;
				GCC_WARN_UNUSED_FUNCTION = YES;
				GCC_WARN_UNUSED_VARIABLE = YES;
				IPHONEOS_DEPLOYMENT_TARGET = 15.0;
				MTL_ENABLE_DEBUG_INFO = NO;
				MTL_FAST_MATH = YES;
				SDKROOT = iphoneos;
				SWIFT_COMPILATION_MODE = wholemodule;
				SWIFT_OPTIMIZATION_LEVEL = "-O";
				VALIDATE_PRODUCT = YES;
			};
			name = Release;
		};
		4981744727464F3300B6C8C4 /* Debug */ = {
			isa = XCBuildConfiguration;
			baseConfigurationReference = 698E0716D4C9BB19A8CE29B9 /* Pods-Celibi Gardener.debug.xcconfig */;
			buildSettings = {
				ASSETCATALOG_COMPILER_APPICON_NAME = AppIcon;
				ASSETCATALOG_COMPILER_GLOBAL_ACCENT_COLOR_NAME = AccentColor;
				CODE_SIGN_STYLE = Automatic;
				CURRENT_PROJECT_VERSION = 1;
				DEVELOPMENT_ASSET_PATHS = "\"Celibi Gardener/Preview Content\"";
				DEVELOPMENT_TEAM = K7242UDDNB;
				ENABLE_PREVIEWS = YES;
				GENERATE_INFOPLIST_FILE = YES;
				INFOPLIST_KEY_UIApplicationSceneManifest_Generation = YES;
				INFOPLIST_KEY_UIApplicationSupportsIndirectInputEvents = YES;
				INFOPLIST_KEY_UILaunchScreen_Generation = YES;
				INFOPLIST_KEY_UISupportedInterfaceOrientations_iPad = "UIInterfaceOrientationPortrait UIInterfaceOrientationPortraitUpsideDown UIInterfaceOrientationLandscapeLeft UIInterfaceOrientationLandscapeRight";
				INFOPLIST_KEY_UISupportedInterfaceOrientations_iPhone = "UIInterfaceOrientationPortrait UIInterfaceOrientationLandscapeLeft UIInterfaceOrientationLandscapeRight";
				IPHONEOS_DEPLOYMENT_TARGET = 14.0;
				LD_RUNPATH_SEARCH_PATHS = (
					"$(inherited)",
					"@executable_path/Frameworks",
				);
				MARKETING_VERSION = 1.0;
				PRODUCT_BUNDLE_IDENTIFIER = "teamaddis.Celibi-Gardener";
				PRODUCT_NAME = "$(TARGET_NAME)";
				SWIFT_EMIT_LOC_STRINGS = YES;
				SWIFT_VERSION = 5.0;
				TARGETED_DEVICE_FAMILY = "1,2";
			};
			name = Debug;
		};
		4981744827464F3300B6C8C4 /* Release */ = {
			isa = XCBuildConfiguration;
			baseConfigurationReference = C279AC17F607DC759563E774 /* Pods-Celibi Gardener.release.xcconfig */;
			buildSettings = {
				ASSETCATALOG_COMPILER_APPICON_NAME = AppIcon;
				ASSETCATALOG_COMPILER_GLOBAL_ACCENT_COLOR_NAME = AccentColor;
				CODE_SIGN_STYLE = Automatic;
				CURRENT_PROJECT_VERSION = 1;
				DEVELOPMENT_ASSET_PATHS = "\"Celibi Gardener/Preview Content\"";
				DEVELOPMENT_TEAM = K7242UDDNB;
				ENABLE_PREVIEWS = YES;
				GENERATE_INFOPLIST_FILE = YES;
				INFOPLIST_KEY_UIApplicationSceneManifest_Generation = YES;
				INFOPLIST_KEY_UIApplicationSupportsIndirectInputEvents = YES;
				INFOPLIST_KEY_UILaunchScreen_Generation = YES;
				INFOPLIST_KEY_UISupportedInterfaceOrientations_iPad = "UIInterfaceOrientationPortrait UIInterfaceOrientationPortraitUpsideDown UIInterfaceOrientationLandscapeLeft UIInterfaceOrientationLandscapeRight";
				INFOPLIST_KEY_UISupportedInterfaceOrientations_iPhone = "UIInterfaceOrientationPortrait UIInterfaceOrientationLandscapeLeft UIInterfaceOrientationLandscapeRight";
				IPHONEOS_DEPLOYMENT_TARGET = 14.0;
				LD_RUNPATH_SEARCH_PATHS = (
					"$(inherited)",
					"@executable_path/Frameworks",
				);
				MARKETING_VERSION = 1.0;
				PRODUCT_BUNDLE_IDENTIFIER = "teamaddis.Celibi-Gardener";
				PRODUCT_NAME = "$(TARGET_NAME)";
				SWIFT_EMIT_LOC_STRINGS = YES;
				SWIFT_VERSION = 5.0;
				TARGETED_DEVICE_FAMILY = "1,2";
			};
			name = Release;
		};
		4981744A27464F3300B6C8C4 /* Debug */ = {
			isa = XCBuildConfiguration;
			baseConfigurationReference = E0F9CE86BF3FA20A0912C406 /* Pods-Celibi GardenerTests.debug.xcconfig */;
			buildSettings = {
				ALWAYS_EMBED_SWIFT_STANDARD_LIBRARIES = YES;
				BUNDLE_LOADER = "$(TEST_HOST)";
				CODE_SIGN_STYLE = Automatic;
				CURRENT_PROJECT_VERSION = 1;
				DEVELOPMENT_TEAM = K7242UDDNB;
				GENERATE_INFOPLIST_FILE = YES;
				IPHONEOS_DEPLOYMENT_TARGET = 14.0;
				LD_RUNPATH_SEARCH_PATHS = (
					"$(inherited)",
					"@executable_path/Frameworks",
					"@loader_path/Frameworks",
				);
				MARKETING_VERSION = 1.0;
				PRODUCT_BUNDLE_IDENTIFIER = "teamaddis.Celibi-GardenerTests";
				PRODUCT_NAME = "$(TARGET_NAME)";
				SWIFT_EMIT_LOC_STRINGS = NO;
				SWIFT_VERSION = 5.0;
				TARGETED_DEVICE_FAMILY = "1,2";
				TEST_HOST = "$(BUILT_PRODUCTS_DIR)/Celibi Gardener.app/Celibi Gardener";
			};
			name = Debug;
		};
		4981744B27464F3300B6C8C4 /* Release */ = {
			isa = XCBuildConfiguration;
			baseConfigurationReference = DE9D65232E5B49A9060581DB /* Pods-Celibi GardenerTests.release.xcconfig */;
			buildSettings = {
				ALWAYS_EMBED_SWIFT_STANDARD_LIBRARIES = YES;
				BUNDLE_LOADER = "$(TEST_HOST)";
				CODE_SIGN_STYLE = Automatic;
				CURRENT_PROJECT_VERSION = 1;
				DEVELOPMENT_TEAM = K7242UDDNB;
				GENERATE_INFOPLIST_FILE = YES;
				IPHONEOS_DEPLOYMENT_TARGET = 14.0;
				LD_RUNPATH_SEARCH_PATHS = (
					"$(inherited)",
					"@executable_path/Frameworks",
					"@loader_path/Frameworks",
				);
				MARKETING_VERSION = 1.0;
				PRODUCT_BUNDLE_IDENTIFIER = "teamaddis.Celibi-GardenerTests";
				PRODUCT_NAME = "$(TARGET_NAME)";
				SWIFT_EMIT_LOC_STRINGS = NO;
				SWIFT_VERSION = 5.0;
				TARGETED_DEVICE_FAMILY = "1,2";
				TEST_HOST = "$(BUILT_PRODUCTS_DIR)/Celibi Gardener.app/Celibi Gardener";
			};
			name = Release;
		};
		4981744D27464F3300B6C8C4 /* Debug */ = {
			isa = XCBuildConfiguration;
			baseConfigurationReference = D1AAF78843EE17BEB17F485B /* Pods-Celibi Gardener-Celibi GardenerUITests.debug.xcconfig */;
			buildSettings = {
				ALWAYS_EMBED_SWIFT_STANDARD_LIBRARIES = YES;
				CODE_SIGN_STYLE = Automatic;
				CURRENT_PROJECT_VERSION = 1;
				DEVELOPMENT_TEAM = K7242UDDNB;
				GENERATE_INFOPLIST_FILE = YES;
				LD_RUNPATH_SEARCH_PATHS = (
					"$(inherited)",
					"@executable_path/Frameworks",
					"@loader_path/Frameworks",
				);
				MARKETING_VERSION = 1.0;
				PRODUCT_BUNDLE_IDENTIFIER = "teamaddis.Celibi-GardenerUITests";
				PRODUCT_NAME = "$(TARGET_NAME)";
				SWIFT_EMIT_LOC_STRINGS = NO;
				SWIFT_VERSION = 5.0;
				TARGETED_DEVICE_FAMILY = "1,2";
				TEST_TARGET_NAME = "Celibi Gardener";
			};
			name = Debug;
		};
		4981744E27464F3300B6C8C4 /* Release */ = {
			isa = XCBuildConfiguration;
			baseConfigurationReference = 8C7A29C722D3437C3AE6F444 /* Pods-Celibi Gardener-Celibi GardenerUITests.release.xcconfig */;
			buildSettings = {
				ALWAYS_EMBED_SWIFT_STANDARD_LIBRARIES = YES;
				CODE_SIGN_STYLE = Automatic;
				CURRENT_PROJECT_VERSION = 1;
				DEVELOPMENT_TEAM = K7242UDDNB;
				GENERATE_INFOPLIST_FILE = YES;
				LD_RUNPATH_SEARCH_PATHS = (
					"$(inherited)",
					"@executable_path/Frameworks",
					"@loader_path/Frameworks",
				);
				MARKETING_VERSION = 1.0;
				PRODUCT_BUNDLE_IDENTIFIER = "teamaddis.Celibi-GardenerUITests";
				PRODUCT_NAME = "$(TARGET_NAME)";
				SWIFT_EMIT_LOC_STRINGS = NO;
				SWIFT_VERSION = 5.0;
				TARGETED_DEVICE_FAMILY = "1,2";
				TEST_TARGET_NAME = "Celibi Gardener";
			};
			name = Release;
		};
/* End XCBuildConfiguration section */

/* Begin XCConfigurationList section */
		4981741D27464F3100B6C8C4 /* Build configuration list for PBXProject "Celibi Gardener" */ = {
			isa = XCConfigurationList;
			buildConfigurations = (
				4981744427464F3300B6C8C4 /* Debug */,
				4981744527464F3300B6C8C4 /* Release */,
			);
			defaultConfigurationIsVisible = 0;
			defaultConfigurationName = Release;
		};
		4981744627464F3300B6C8C4 /* Build configuration list for PBXNativeTarget "Celibi Gardener" */ = {
			isa = XCConfigurationList;
			buildConfigurations = (
				4981744727464F3300B6C8C4 /* Debug */,
				4981744827464F3300B6C8C4 /* Release */,
			);
			defaultConfigurationIsVisible = 0;
			defaultConfigurationName = Release;
		};
		4981744927464F3300B6C8C4 /* Build configuration list for PBXNativeTarget "Celibi GardenerTests" */ = {
			isa = XCConfigurationList;
			buildConfigurations = (
				4981744A27464F3300B6C8C4 /* Debug */,
				4981744B27464F3300B6C8C4 /* Release */,
			);
			defaultConfigurationIsVisible = 0;
			defaultConfigurationName = Release;
		};
		4981744C27464F3300B6C8C4 /* Build configuration list for PBXNativeTarget "Celibi GardenerUITests" */ = {
			isa = XCConfigurationList;
			buildConfigurations = (
				4981744D27464F3300B6C8C4 /* Debug */,
				4981744E27464F3300B6C8C4 /* Release */,
			);
			defaultConfigurationIsVisible = 0;
			defaultConfigurationName = Release;
		};
/* End XCConfigurationList section */
	};
	rootObject = 4981741A27464F3100B6C8C4 /* Project object */;
}
